dependencies:
  idf:
    component_hash: null
    source:
      type: idf
    version: 5.2.1
  protocol_examples_common:
    component_hash: null
    source:
      path: C:\Users\Michael\esp\v5.2.1\esp-idf\examples\common_components\protocol_examples_common
      type: local
    version: '*'
manifest_hash: 099e55157e5404d66c753c3b927f16b3900fc5c44d672ae57d7e6f6e642fbab5
target: esp32
version: 1.0.0
